
Microsoft Visual Studio Solution File, Format Version 12.00
# Visual Studio Version 16
VisualStudioVersion = 16.0.31613.86
MinimumVisualStudioVersion = 10.0.40219.1
Project("{FAE04EC0-301F-11D3-BF4B-00C04F79EFBC}") = "task11", "task11\task11.csproj", "{7F70EB83-DA64-4449-A44C-741FD8D6B43C}"
EndProject
Global
	GlobalSection(SolutionConfigurationPlatforms) = preSolution
		Debug|Any CPU = Debug|Any CPU
		Release|Any CPU = Release|Any CPU
	EndGlobalSection
	GlobalSection(ProjectConfigurationPlatforms) = postSolution
		{7F70EB83-DA64-4449-A44C-741FD8D6B43C}.Debug|Any CPU.ActiveCfg = Debug|Any CPU
		{7F70EB83-DA64-4449-A44C-741FD8D6B43C}.Debug|Any CPU.Build.0 = Debug|Any CPU
		{7F70EB83-DA64-4449-A44C-741FD8D6B43C}.Release|Any CPU.ActiveCfg = Release|Any CPU
		{7F70EB83-DA64-4449-A44C-741FD8D6B43C}.Release|Any CPU.Build.0 = Release|Any CPU
	EndGlobalSection
	GlobalSection(SolutionProperties) = preSolution
		HideSolutionNode = FALSE
	EndGlobalSection
	GlobalSection(ExtensibilityGlobals) = postSolution
		SolutionGuid = {73F50703-B4A8-4107-8D77-06A90897E328}
	EndGlobalSection
EndGlobal
