
Microsoft Visual Studio Solution File, Format Version 12.00
# Visual Studio Version 16
VisualStudioVersion = 16.0.31613.86
MinimumVisualStudioVersion = 10.0.40219.1
Project("{FAE04EC0-301F-11D3-BF4B-00C04F79EFBC}") = "task10", "task10\task10.csproj", "{3432B651-0F61-4DCB-B629-A5650B967E56}"
EndProject
Global
	GlobalSection(SolutionConfigurationPlatforms) = preSolution
		Debug|Any CPU = Debug|Any CPU
		Release|Any CPU = Release|Any CPU
	EndGlobalSection
	GlobalSection(ProjectConfigurationPlatforms) = postSolution
		{3432B651-0F61-4DCB-B629-A5650B967E56}.Debug|Any CPU.ActiveCfg = Debug|Any CPU
		{3432B651-0F61-4DCB-B629-A5650B967E56}.Debug|Any CPU.Build.0 = Debug|Any CPU
		{3432B651-0F61-4DCB-B629-A5650B967E56}.Release|Any CPU.ActiveCfg = Release|Any CPU
		{3432B651-0F61-4DCB-B629-A5650B967E56}.Release|Any CPU.Build.0 = Release|Any CPU
	EndGlobalSection
	GlobalSection(SolutionProperties) = preSolution
		HideSolutionNode = FALSE
	EndGlobalSection
	GlobalSection(ExtensibilityGlobals) = postSolution
		SolutionGuid = {11419EF3-3B2E-4FBE-9B71-3B89DCC342C8}
	EndGlobalSection
EndGlobal
